
Microsoft Visual Studio Solution File, Format Version 12.00
# Visual Studio Version 17
VisualStudioVersion = 17.9.34701.34
MinimumVisualStudioVersion = 10.0.40219.1
Project("{8BC9CEB8-8B4A-11D0-8D11-00A0C91BC942}") = "terminal_game_of_dice", "terminal_game_of_dice.vcxproj", "{D129D27D-0826-4CE2-A1E0-4524EF27EA0A}"
EndProject
Global
	GlobalSection(SolutionConfigurationPlatforms) = preSolution
		Debug|x64 = Debug|x64
		Debug|x86 = Debug|x86
		Release|x64 = Release|x64
		Release|x86 = Release|x86
	EndGlobalSection
	GlobalSection(ProjectConfigurationPlatforms) = postSolution
		{D129D27D-0826-4CE2-A1E0-4524EF27EA0A}.Debug|x64.ActiveCfg = Debug|x64
		{D129D27D-0826-4CE2-A1E0-4524EF27EA0A}.Debug|x64.Build.0 = Debug|x64
		{D129D27D-0826-4CE2-A1E0-4524EF27EA0A}.Debug|x86.ActiveCfg = Debug|Win32
		{D129D27D-0826-4CE2-A1E0-4524EF27EA0A}.Debug|x86.Build.0 = Debug|Win32
		{D129D27D-0826-4CE2-A1E0-4524EF27EA0A}.Release|x64.ActiveCfg = Release|x64
		{D129D27D-0826-4CE2-A1E0-4524EF27EA0A}.Release|x64.Build.0 = Release|x64
		{D129D27D-0826-4CE2-A1E0-4524EF27EA0A}.Release|x86.ActiveCfg = Release|Win32
		{D129D27D-0826-4CE2-A1E0-4524EF27EA0A}.Release|x86.Build.0 = Release|Win32
	EndGlobalSection
	GlobalSection(SolutionProperties) = preSolution
		HideSolutionNode = FALSE
	EndGlobalSection
	GlobalSection(ExtensibilityGlobals) = postSolution
		SolutionGuid = {EF0BF8DE-14B3-4EF5-83F4-34CD63426682}
	EndGlobalSection
EndGlobal
